{
  "name": "adagio-generator",
  "version": "1.0.0",
  "lockfileVersion": 1,
  "requires": true,
  "dependencies": {
    "any-promise": {
      "version": "0.1.0",
      "resolved": "https://registry.npmjs.org/any-promise/-/any-promise-0.1.0.tgz",
      "integrity": "sha1-gwtoCqflbzNFHUsEnzvYBESY7ic="
    },
    "async-while": {
      "version": "1.1.0",
      "resolved": "https://registry.npmjs.org/async-while/-/async-while-1.1.0.tgz",
      "integrity": "sha1-p45T2nh7QDiSq25DO6bC80Ac4Zc=",
      "requires": {
        "any-promise": "~0.1.0"
      }
    }
  }
}
